github.com/RobinUS2/golang-moving-average v1.0.0 h1:PD7DDZNt+UFb9XlsBbTIu/DtXqqaD/MD86DYnk3mwvA=
github.com/RobinUS2/golang-moving-average v1.0.0/go.mod h1:MdzhY+KoEvi+OBygTPH0OSaKrOJzvILWN2SPQzaKVsY=
github.com/dustin/go-humanize v1.0.0 h1:VSnTsYCnlFHaM2/igO1h6X3HA71jcobQuxemgkq4zYo=
github.com/dustin/go-humanize v1.0.0/go.mod h1:HtrtbFcZ19U5GC7JDqmcUSB87Iq5E25KnS6fMYU6eOk=
github.com/schollz/httpfileserver v0.0.3 h1:Hgou/Lmf75qMRUz9mpS+gEeMnCTn/C250O0wHhaZd7A=
github.com/schollz/httpfileserver v0.0.3/go.mod h1:AyNj8I/IJb/8GZvyXW54kRsHSQbRvX7AyfS6ULnJFIw=
github.com/schollz/logger v1.2.0 h1:5WXfINRs3lEUTCZ7YXhj0uN+qukjizvITLm3Ca2m0Ho=
github.com/schollz/logger v1.2.0/go.mod h1:P6F4/dGMGcx8wh+kG1zrNEd4vnNpEBY/mwEMd/vn6AM=
github.com/tarm/serial v0.0.0-20180830185346-98f6abe2eb07 h1:UyzmZLoiDWMRywV4DUYb9Fbt8uiOSooupjTq10vpvnU=
github.com/tarm/serial v0.0.0-20180830185346-98f6abe2eb07/go.mod h1:kDXzergiv9cbyO7IOYJZWg1U88JhDg3PB6klq9Hg2pA=
golang.org/x/sys v0.0.0-20200116001909-b77594299b42 h1:vEOn+mP2zCOVzKckCZy6YsCtDblrpj/w7B9nxGNELpg=
golang.org/x/sys v0.0.0-20200116001909-b77594299b42/go.mod h1:h1NjWce9XRLGQEsW7wpKNCjG9DtNlClVuFLEZdDNbEs=
